
Microsoft Visual Studio Solution File, Format Version 12.00
# Visual Studio Version 17
VisualStudioVersion = 17.14.36408.4 d17.14
MinimumVisualStudioVersion = 10.0.40219.1
Project("{FAE04EC0-301F-11D3-BF4B-00C04F79EFBC}") = "AirlineShoppingCart", "AirlineShoppingCart\AirlineShoppingCart.csproj", "{31B592B3-DBAF-4DFC-BED6-4C132723887B}"
EndProject
Global
	GlobalSection(SolutionConfigurationPlatforms) = preSolution
		Debug|Any CPU = Debug|Any CPU
		Release|Any CPU = Release|Any CPU
	EndGlobalSection
	GlobalSection(ProjectConfigurationPlatforms) = postSolution
		{31B592B3-DBAF-4DFC-BED6-4C132723887B}.Debug|Any CPU.ActiveCfg = Debug|Any CPU
		{31B592B3-DBAF-4DFC-BED6-4C132723887B}.Debug|Any CPU.Build.0 = Debug|Any CPU
		{31B592B3-DBAF-4DFC-BED6-4C132723887B}.Release|Any CPU.ActiveCfg = Release|Any CPU
		{31B592B3-DBAF-4DFC-BED6-4C132723887B}.Release|Any CPU.Build.0 = Release|Any CPU
	EndGlobalSection
	GlobalSection(SolutionProperties) = preSolution
		HideSolutionNode = FALSE
	EndGlobalSection
	GlobalSection(ExtensibilityGlobals) = postSolution
		SolutionGuid = {7059063F-FB05-49D7-96F3-0AAE6DC265F7}
	EndGlobalSection
EndGlobal
