
Microsoft Visual Studio Solution File, Format Version 12.00
# Visual Studio Version 17
VisualStudioVersion = 17.14.36408.4 d17.14
MinimumVisualStudioVersion = 10.0.40219.1
Project("{FAE04EC0-301F-11D3-BF4B-00C04F79EFBC}") = "MauiLoginDemo", "MauiLoginDemo\MauiLoginDemo.csproj", "{5DB8E77F-BFF5-4CDD-A096-1D2BE8FC710A}"
EndProject
Global
	GlobalSection(SolutionConfigurationPlatforms) = preSolution
		Debug|Any CPU = Debug|Any CPU
		Release|Any CPU = Release|Any CPU
	EndGlobalSection
	GlobalSection(ProjectConfigurationPlatforms) = postSolution
		{5DB8E77F-BFF5-4CDD-A096-1D2BE8FC710A}.Debug|Any CPU.ActiveCfg = Debug|Any CPU
		{5DB8E77F-BFF5-4CDD-A096-1D2BE8FC710A}.Debug|Any CPU.Build.0 = Debug|Any CPU
		{5DB8E77F-BFF5-4CDD-A096-1D2BE8FC710A}.Release|Any CPU.ActiveCfg = Release|Any CPU
		{5DB8E77F-BFF5-4CDD-A096-1D2BE8FC710A}.Release|Any CPU.Build.0 = Release|Any CPU
	EndGlobalSection
	GlobalSection(SolutionProperties) = preSolution
		HideSolutionNode = FALSE
	EndGlobalSection
	GlobalSection(ExtensibilityGlobals) = postSolution
		SolutionGuid = {5FC87E6E-446B-4A22-9216-16A7C47F9072}
	EndGlobalSection
EndGlobal
